
Microsoft Visual Studio Solution File, Format Version 12.00
# Visual Studio Version 16
VisualStudioVersion = 16.0.29709.97
MinimumVisualStudioVersion = 10.0.40219.1
Project("{FAE04EC0-301F-11D3-BF4B-00C04F79EFBC}") = "Entity_Pizz", "BO\Entity_Pizz.csproj", "{6066EAAA-6025-49BC-A1F3-FC6447C42CD9}"
EndProject
Project("{FAE04EC0-301F-11D3-BF4B-00C04F79EFBC}") = "TPChats", "TPChats\TPChats.csproj", "{7C943F19-B20D-4C83-9143-A5329FCB024D}"
EndProject
Project("{FAE04EC0-301F-11D3-BF4B-00C04F79EFBC}") = "TPPizz", "TPPizza\TPPizz.csproj", "{89E0260E-2612-476E-891D-C7F7937F63FE}"
EndProject
Project("{FAE04EC0-301F-11D3-BF4B-00C04F79EFBC}") = "Entity_Samourai", "Entity_Samourai\Entity_Samourai.csproj", "{0BBA0441-0AB7-4112-946B-521C9CEC7367}"
EndProject
Project("{FAE04EC0-301F-11D3-BF4B-00C04F79EFBC}") = "TPSamsam", "TPSamsam\TPSamsam.csproj", "{26468180-076F-45EF-B435-EF4811DC15F4}"
EndProject
Project("{FAE04EC0-301F-11D3-BF4B-00C04F79EFBC}") = "OGameTP", "OGameTP\OGameTP.csproj", "{16B94351-06BA-4DCD-8E34-0BB3629527FE}"
EndProject
Global
	GlobalSection(SolutionConfigurationPlatforms) = preSolution
		Debug|Any CPU = Debug|Any CPU
		Release|Any CPU = Release|Any CPU
	EndGlobalSection
	GlobalSection(ProjectConfigurationPlatforms) = postSolution
		{6066EAAA-6025-49BC-A1F3-FC6447C42CD9}.Debug|Any CPU.ActiveCfg = Debug|Any CPU
		{6066EAAA-6025-49BC-A1F3-FC6447C42CD9}.Debug|Any CPU.Build.0 = Debug|Any CPU
		{6066EAAA-6025-49BC-A1F3-FC6447C42CD9}.Release|Any CPU.ActiveCfg = Release|Any CPU
		{6066EAAA-6025-49BC-A1F3-FC6447C42CD9}.Release|Any CPU.Build.0 = Release|Any CPU
		{7C943F19-B20D-4C83-9143-A5329FCB024D}.Debug|Any CPU.ActiveCfg = Debug|Any CPU
		{7C943F19-B20D-4C83-9143-A5329FCB024D}.Debug|Any CPU.Build.0 = Debug|Any CPU
		{7C943F19-B20D-4C83-9143-A5329FCB024D}.Release|Any CPU.ActiveCfg = Release|Any CPU
		{7C943F19-B20D-4C83-9143-A5329FCB024D}.Release|Any CPU.Build.0 = Release|Any CPU
		{89E0260E-2612-476E-891D-C7F7937F63FE}.Debug|Any CPU.ActiveCfg = Debug|Any CPU
		{89E0260E-2612-476E-891D-C7F7937F63FE}.Debug|Any CPU.Build.0 = Debug|Any CPU
		{89E0260E-2612-476E-891D-C7F7937F63FE}.Release|Any CPU.ActiveCfg = Release|Any CPU
		{89E0260E-2612-476E-891D-C7F7937F63FE}.Release|Any CPU.Build.0 = Release|Any CPU
		{0BBA0441-0AB7-4112-946B-521C9CEC7367}.Debug|Any CPU.ActiveCfg = Debug|Any CPU
		{0BBA0441-0AB7-4112-946B-521C9CEC7367}.Debug|Any CPU.Build.0 = Debug|Any CPU
		{0BBA0441-0AB7-4112-946B-521C9CEC7367}.Release|Any CPU.ActiveCfg = Release|Any CPU
		{0BBA0441-0AB7-4112-946B-521C9CEC7367}.Release|Any CPU.Build.0 = Release|Any CPU
		{26468180-076F-45EF-B435-EF4811DC15F4}.Debug|Any CPU.ActiveCfg = Debug|Any CPU
		{26468180-076F-45EF-B435-EF4811DC15F4}.Debug|Any CPU.Build.0 = Debug|Any CPU
		{26468180-076F-45EF-B435-EF4811DC15F4}.Release|Any CPU.ActiveCfg = Release|Any CPU
		{26468180-076F-45EF-B435-EF4811DC15F4}.Release|Any CPU.Build.0 = Release|Any CPU
		{16B94351-06BA-4DCD-8E34-0BB3629527FE}.Debug|Any CPU.ActiveCfg = Debug|Any CPU
		{16B94351-06BA-4DCD-8E34-0BB3629527FE}.Debug|Any CPU.Build.0 = Debug|Any CPU
		{16B94351-06BA-4DCD-8E34-0BB3629527FE}.Release|Any CPU.ActiveCfg = Release|Any CPU
		{16B94351-06BA-4DCD-8E34-0BB3629527FE}.Release|Any CPU.Build.0 = Release|Any CPU
	EndGlobalSection
	GlobalSection(SolutionProperties) = preSolution
		HideSolutionNode = FALSE
	EndGlobalSection
	GlobalSection(ExtensibilityGlobals) = postSolution
		SolutionGuid = {81B79C3F-D942-4949-8887-7B2700F84769}
	EndGlobalSection
EndGlobal
